{
  "name": "armonessa-browser-use",
  "version": "1.0.0",
  "lockfileVersion": 3,
  "requires": true,
  "packages": {
    "": {
      "name": "armonessa-browser-use",
      "version": "1.0.0",
      "dependencies": {
        "browser-use-sdk": "latest",
        "dotenv": "^16.4.5"
      }
    },
    "node_modules/browser-use-sdk": {
      "version": "3.8.1",
      "resolved": "https://registry.npmjs.org/browser-use-sdk/-/browser-use-sdk-3.8.1.tgz",
      "integrity": "sha512-EERKg60bKIFUiUrUATpfqPEXBWTaICQmSUdPaRnQaepNDpju/wF50dypwIYsZRrCNR1oipDa/JD+kgbKGxxKlg==",
      "license": "MIT",
      "dependencies": {
        "dotenv": "^17.2.4",
        "zod": "^4.3.6"
      },
      "peerDependencies": {
        "@x402/evm": "^2.11.0",
        "@x402/fetch": "^2.11.0",
        "viem": "^2.48.0"
      },
      "peerDependenciesMeta": {
        "@x402/evm": {
          "optional": true
        },
        "@x402/fetch": {
          "optional": true
        },
        "viem": {
          "optional": true
        }
      }
    },
    "node_modules/browser-use-sdk/node_modules/dotenv": {
      "version": "17.4.2",
      "resolved": "https://registry.npmjs.org/dotenv/-/dotenv-17.4.2.tgz",
      "integrity": "sha512-nI4U3TottKAcAD9LLud4Cb7b2QztQMUEfHbvhTH09bqXTxnSie8WnjPALV/WMCrJZ6UV/qHJ6L03OqO3LcdYZw==",
      "license": "BSD-2-Clause",
      "engines": {
        "node": ">=12"
      },
      "funding": {
        "url": "https://dotenvx.com"
      }
    },
    "node_modules/dotenv": {
      "version": "16.6.1",
      "resolved": "https://registry.npmjs.org/dotenv/-/dotenv-16.6.1.tgz",
      "integrity": "sha512-uBq4egWHTcTt33a72vpSG0z3HnPuIl6NqYcTrKEg2azoEyl2hpW0zqlxysq2pK9HlDIHyHyakeYaYnSAwd8bow==",
      "license": "BSD-2-Clause",
      "engines": {
        "node": ">=12"
      },
      "funding": {
        "url": "https://dotenvx.com"
      }
    },
    "node_modules/zod": {
      "version": "4.4.3",
      "resolved": "https://registry.npmjs.org/zod/-/zod-4.4.3.tgz",
      "integrity": "sha512-ytENFjIJFl2UwYglde2jchW2Hwm4GJFLDiSXWdTrJQBIN9Fcyp7n4DhxJEiWNAJMV1/BqWfW/kkg71UDcHJyTQ==",
      "license": "MIT",
      "funding": {
        "url": "https://github.com/sponsors/colinhacks"
      }
    }
  }
}
